
Microsoft Visual Studio Solution File, Format Version 12.00
# Visual Studio Version 16
VisualStudioVersion = 16.0.31729.503
MinimumVisualStudioVersion = 10.0.40219.1
Project("{FAE04EC0-301F-11D3-BF4B-00C04F79EFBC}") = "Task-Management-Application-A", "Task-Management-Application-A\Task-Management-Application-A.csproj", "{77C28086-E8E6-4EB0-A968-D3B9DA4DF1C6}"
EndProject
Global
	GlobalSection(SolutionConfigurationPlatforms) = preSolution
		Debug|Any CPU = Debug|Any CPU
		Release|Any CPU = Release|Any CPU
	EndGlobalSection
	GlobalSection(ProjectConfigurationPlatforms) = postSolution
		{77C28086-E8E6-4EB0-A968-D3B9DA4DF1C6}.Debug|Any CPU.ActiveCfg = Debug|Any CPU
		{77C28086-E8E6-4EB0-A968-D3B9DA4DF1C6}.Debug|Any CPU.Build.0 = Debug|Any CPU
		{77C28086-E8E6-4EB0-A968-D3B9DA4DF1C6}.Release|Any CPU.ActiveCfg = Release|Any CPU
		{77C28086-E8E6-4EB0-A968-D3B9DA4DF1C6}.Release|Any CPU.Build.0 = Release|Any CPU
	EndGlobalSection
	GlobalSection(SolutionProperties) = preSolution
		HideSolutionNode = FALSE
	EndGlobalSection
	GlobalSection(ExtensibilityGlobals) = postSolution
		SolutionGuid = {BECD0EEC-3D8F-4B31-8545-6CEABADE8BE5}
	EndGlobalSection
EndGlobal
